{
  "name": "parseresources",
  "version": "1.0.0",
  "lockfileVersion": 3,
  "requires": true,
  "packages": {
    "": {
      "name": "parseresources",
      "version": "1.0.0",
      "license": "ISC",
      "dependencies": {
        "unity-parser": "^1.1.1"
      }
    },
    "node_modules/unity-parser": {
      "version": "1.1.1",
      "resolved": "https://registry.npmjs.org/unity-parser/-/unity-parser-1.1.1.tgz",
      "integrity": "sha512-E1WLB9C/Q6oTbD0NdAvPrSlgFeHOejPVeE116KaBT0HbgcXOM6ac64+k8EvFXFzo8Brg4yJ1BsKQq8Ytx5B9TQ=="
    }
  }
}
